
Microsoft Visual Studio Solution File, Format Version 12.00
# Visual Studio Version 17
VisualStudioVersion = 17.0.32126.317
MinimumVisualStudioVersion = 10.0.40219.1
Project("{FAE04EC0-301F-11D3-BF4B-00C04F79EFBC}") = "FactoryPatternExercise2", "FactoryPatternExercise2\FactoryPatternExercise2.csproj", "{CBD76EC9-0B9E-417A-B1F2-A3525BDD4B18}"
EndProject
Global
	GlobalSection(SolutionConfigurationPlatforms) = preSolution
		Debug|Any CPU = Debug|Any CPU
		Release|Any CPU = Release|Any CPU
	EndGlobalSection
	GlobalSection(ProjectConfigurationPlatforms) = postSolution
		{CBD76EC9-0B9E-417A-B1F2-A3525BDD4B18}.Debug|Any CPU.ActiveCfg = Debug|Any CPU
		{CBD76EC9-0B9E-417A-B1F2-A3525BDD4B18}.Debug|Any CPU.Build.0 = Debug|Any CPU
		{CBD76EC9-0B9E-417A-B1F2-A3525BDD4B18}.Release|Any CPU.ActiveCfg = Release|Any CPU
		{CBD76EC9-0B9E-417A-B1F2-A3525BDD4B18}.Release|Any CPU.Build.0 = Release|Any CPU
	EndGlobalSection
	GlobalSection(SolutionProperties) = preSolution
		HideSolutionNode = FALSE
	EndGlobalSection
	GlobalSection(ExtensibilityGlobals) = postSolution
		SolutionGuid = {CBC49D8C-2B22-48E1-954A-F54FFF6E85DB}
	EndGlobalSection
EndGlobal
